// !$*UTF8*$!
{
	archiveVersion = 1;
	classes = {
	};
	objectVersion = 50;
	objects = {

/* Begin PBXBuildFile section */
		A1AD1C6420F1F63800CB6439 /* iTunes.swift in Sources */ = {isa = PBXBuildFile; fileRef = A1AD1C6320F1F63800CB6439 /* iTunes.swift */; };
		A1AD1C6620F1F69C00CB6439 /* iTunesScripting.swift in Sources */ = {isa = PBXBuildFile; fileRef = A1AD1C6520F1F69C00CB6439 /* iTunesScripting.swift */; };
		A1C7954820F1A4DF0042FA2C /* AppDelegate.swift in Sources */ = {isa = PBXBuildFile; fileRef = A1C7954720F1A4DF0042FA2C /* AppDelegate.swift */; };
		A1C7954A20F1A4DF0042FA2C /* Assets.xcassets in Resources */ = {isa = PBXBuildFile; fileRef = A1C7954920F1A4DF0042FA2C /* Assets.xcassets */; };
		A1C7954D20F1A4DF0042FA2C /* MainMenu.xib in Resources */ = {isa = PBXBuildFile; fileRef = A1C7954B20F1A4DF0042FA2C /* MainMenu.xib */; };
/* End PBXBuildFile section */

/* Begin PBXFileReference section */
		A1AD1C6320F1F63800CB6439 /* iTunes.swift */ = {isa = PBXFileReference; lastKnownFileType = sourcecode.swift; path = iTunes.swift; sourceTree = "<group>"; };
		A1AD1C6520F1F69C00CB6439 /* iTunesScripting.swift */ = {isa = PBXFileReference; lastKnownFileType = sourcecode.swift; path = iTunesScripting.swift; sourceTree = "<group>"; };
		A1C7954420F1A4DF0042FA2C /* iTunesControls.app */ = {isa = PBXFileReference; explicitFileType = wrapper.application; includeInIndex = 0; path = iTunesControls.app; sourceTree = BUILT_PRODUCTS_DIR; };
		A1C7954720F1A4DF0042FA2C /* AppDelegate.swift */ = {isa = PBXFileReference; lastKnownFileType = sourcecode.swift; path = AppDelegate.swift; sourceTree = "<group>"; };
		A1C7954920F1A4DF0042FA2C /* Assets.xcassets */ = {isa = PBXFileReference; lastKnownFileType = folder.assetcatalog; path = Assets.xcassets; sourceTree = "<group>"; };
		A1C7954C20F1A4DF0042FA2C /* Base */ = {isa = PBXFileReference; lastKnownFileType = file.xib; name = Base; path = Base.lproj/MainMenu.xib; sourceTree = "<group>"; };
		A1C7954E20F1A4DF0042FA2C /* Info.plist */ = {isa = PBXFileReference; lastKnownFileType = text.plist.xml; path = Info.plist; sourceTree = "<group>"; };
		A1C7954F20F1A4DF0042FA2C /* iTunesControls.entitlements */ = {isa = PBXFileReference; lastKnownFileType = text.plist.entitlements; path = iTunesControls.entitlements; sourceTree = "<group>"; };
/* End PBXFileReference section */

/* Begin PBXFrameworksBuildPhase section */
		A1C7954120F1A4DF0042FA2C /* Frameworks */ = {
			isa = PBXFrameworksBuildPhase;
			buildActionMask = 2147483647;
			files = (
			);
			runOnlyForDeploymentPostprocessing = 0;
		};
/* End PBXFrameworksBuildPhase section */

/* Begin PBXGroup section */
		A1AD1C6720F203ED00CB6439 /* ITunes */ = {
			isa = PBXGroup;
			children = (
				A1AD1C6320F1F63800CB6439 /* iTunes.swift */,
				A1AD1C6520F1F69C00CB6439 /* iTunesScripting.swift */,
			);
			path = ITunes;
			sourceTree = "<group>";
		};
		A1C7953B20F1A4DF0042FA2C = {
			isa = PBXGroup;
			children = (
				A1C7954620F1A4DF0042FA2C /* iTunesControls */,
				A1C7954520F1A4DF0042FA2C /* Products */,
			);
			sourceTree = "<group>";
		};
		A1C7954520F1A4DF0042FA2C /* Products */ = {
			isa = PBXGroup;
			children = (
				A1C7954420F1A4DF0042FA2C /* iTunesControls.app */,
			);
			name = Products;
			sourceTree = "<group>";
		};
		A1C7954620F1A4DF0042FA2C /* iTunesControls */ = {
			isa = PBXGroup;
			children = (
				A1C7954720F1A4DF0042FA2C /* AppDelegate.swift */,
				A1C7954920F1A4DF0042FA2C /* Assets.xcassets */,
				A1C7954B20F1A4DF0042FA2C /* MainMenu.xib */,
				A1C7954E20F1A4DF0042FA2C /* Info.plist */,
				A1C7954F20F1A4DF0042FA2C /* iTunesControls.entitlements */,
				A1AD1C6720F203ED00CB6439 /* ITunes */,
			);
			path = iTunesControls;
			sourceTree = "<group>";
		};
/* End PBXGroup section */

/* Begin PBXNativeTarget section */
		A1C7954320F1A4DF0042FA2C /* iTunesControls */ = {
			isa = PBXNativeTarget;
			buildConfigurationList = A1C7955220F1A4DF0042FA2C /* Build configuration list for PBXNativeTarget "iTunesControls" */;
			buildPhases = (
				A1C7954020F1A4DF0042FA2C /* Sources */,
				A1C7954120F1A4DF0042FA2C /* Frameworks */,
				A1C7954220F1A4DF0042FA2C /* Resources */,
			);
			buildRules = (
			);
			dependencies = (
			);
			name = iTunesControls;
			productName = iTunesControls;
			productReference = A1C7954420F1A4DF0042FA2C /* iTunesControls.app */;
			productType = "com.apple.product-type.application";
		};
/* End PBXNativeTarget section */

/* Begin PBXProject section */
		A1C7953C20F1A4DF0042FA2C /* Project object */ = {
			isa = PBXProject;
			attributes = {
				LastSwiftUpdateCheck = 1000;
				LastUpgradeCheck = 1000;
				ORGANIZATIONNAME = nbs;
				TargetAttributes = {
					A1C7954320F1A4DF0042FA2C = {
						CreatedOnToolsVersion = 10.0;
					};
				};
			};
			buildConfigurationList = A1C7953F20F1A4DF0042FA2C /* Build configuration list for PBXProject "iTunesControls" */;
			compatibilityVersion = "Xcode 9.3";
			developmentRegion = en;
			hasScannedForEncodings = 0;
			knownRegions = (
				en,
				Base,
			);
			mainGroup = A1C7953B20F1A4DF0042FA2C;
			productRefGroup = A1C7954520F1A4DF0042FA2C /* Products */;
			projectDirPath = "";
			projectRoot = "";
			targets = (
				A1C7954320F1A4DF0042FA2C /* iTunesControls */,
			);
		};
/* End PBXProject section */

/* Begin PBXResourcesBuildPhase section */
		A1C7954220F1A4DF0042FA2C /* Resources */ = {
			isa = PBXResourcesBuildPhase;
			buildActionMask = 2147483647;
			files = (
				A1C7954A20F1A4DF0042FA2C /* Assets.xcassets in Resources */,
				A1C7954D20F1A4DF0042FA2C /* MainMenu.xib in Resources */,
			);
			runOnlyForDeploymentPostprocessing = 0;
		};
/* End PBXResourcesBuildPhase section */

/* Begin PBXSourcesBuildPhase section */
		A1C7954020F1A4DF0042FA2C /* Sources */ = {
			isa = PBXSourcesBuildPhase;
			buildActionMask = 2147483647;
			files = (
				A1AD1C6620F1F69C00CB6439 /* iTunesScripting.swift in Sources */,
				A1C7954820F1A4DF0042FA2C /* AppDelegate.swift in Sources */,
				A1AD1C6420F1F63800CB6439 /* iTunes.swift in Sources */,
			);
			runOnlyForDeploymentPostprocessing = 0;
		};
/* End PBXSourcesBuildPhase section */

/* Begin PBXVariantGroup section */
		A1C7954B20F1A4DF0042FA2C /* MainMenu.xib */ = {
			isa = PBXVariantGroup;
			children = (
				A1C7954C20F1A4DF0042FA2C /* Base */,
			);
			name = MainMenu.xib;
			sourceTree = "<group>";
		};
/* End PBXVariantGroup section */

/* Begin XCBuildConfiguration section */
		A1C7955020F1A4DF0042FA2C /* Debug */ = {
			isa = XCBuildConfiguration;
			buildSettings = {
				ALWAYS_SEARCH_USER_PATHS = NO;
				CLANG_ANALYZER_NONNULL = YES;
				CLANG_ANALYZER_NUMBER_OBJECT_CONVERSION = YES_AGGRESSIVE;
				CLANG_CXX_LANGUAGE_STANDARD = "gnu++14";
				CLANG_CXX_LIBRARY = "libc++";
				CLANG_ENABLE_MODULES = YES;
				CLANG_ENABLE_OBJC_ARC = YES;
				CLANG_ENABLE_OBJC_WEAK = YES;
				CLANG_WARN_BLOCK_CAPTURE_AUTORELEASING = YES;
				CLANG_WARN_BOOL_CONVERSION = YES;
				CLANG_WARN_COMMA = YES;
				CLANG_WARN_CONSTANT_CONVERSION = YES;
				CLANG_WARN_DEPRECATED_OBJC_IMPLEMENTATIONS = YES;
				CLANG_WARN_DIRECT_OBJC_ISA_USAGE = YES_ERROR;
				CLANG_WARN_DOCUMENTATION_COMMENTS = YES;
				CLANG_WARN_EMPTY_BODY = YES;
				CLANG_WARN_ENUM_CONVERSION = YES;
				CLANG_WARN_INFINITE_RECURSION = YES;
				CLANG_WARN_INT_CONVERSION = YES;
				CLANG_WARN_NON_LITERAL_NULL_CONVERSION = YES;
				CLANG_WARN_OBJC_IMPLICIT_RETAIN_SELF = YES;
				CLANG_WARN_OBJC_LITERAL_CONVERSION = YES;
				CLANG_WARN_OBJC_ROOT_CLASS = YES_ERROR;
				CLANG_WARN_RANGE_LOOP_ANALYSIS = YES;
				CLANG_WARN_STRICT_PROTOTYPES = YES;
				CLANG_WARN_SUSPICIOUS_MOVE = YES;
				CLANG_WARN_UNGUARDED_AVAILABILITY = YES_AGGRESSIVE;
				CLANG_WARN_UNREACHABLE_CODE = YES;
				CLANG_WARN__DUPLICATE_METHOD_MATCH = YES;
				CODE_SIGN_IDENTITY = "Mac Developer";
				COPY_PHASE_STRIP = NO;
				DEBUG_INFORMATION_FORMAT = dwarf;
				ENABLE_STRICT_OBJC_MSGSEND = YES;
				ENABLE_TESTABILITY = YES;
				GCC_C_LANGUAGE_STANDARD = gnu11;
				GCC_DYNAMIC_NO_PIC = NO;
				GCC_NO_COMMON_BLOCKS = YES;
				GCC_OPTIMIZATION_LEVEL = 0;
				GCC_PREPROCESSOR_DEFINITIONS = (
					"DEBUG=1",
					"$(inherited)",
				);
				GCC_WARN_64_TO_32_BIT_CONVERSION = YES;
				GCC_WARN_ABOUT_RETURN_TYPE = YES_ERROR;
				GCC_WARN_UNDECLARED_SELECTOR = YES;
				GCC_WARN_UNINITIALIZED_AUTOS = YES_AGGRESSIVE;
				GCC_WARN_UNUSED_FUNCTION = YES;
				GCC_WARN_UNUSED_VARIABLE = YES;
				MACOSX_DEPLOYMENT_TARGET = 10.14;
				MTL_ENABLE_DEBUG_INFO = INCLUDE_SOURCE;
				MTL_FAST_MATH = YES;
				ONLY_ACTIVE_ARCH = YES;
				SDKROOT = macosx;
				SWIFT_ACTIVE_COMPILATION_CONDITIONS = DEBUG;
				SWIFT_OPTIMIZATION_LEVEL = "-Onone";
			};
			name = Debug;
		};
		A1C7955120F1A4DF0042FA2C /* Release */ = {
			isa = XCBuildConfiguration;
			buildSettings = {
				ALWAYS_SEARCH_USER_PATHS = NO;
				CLANG_ANALYZER_NONNULL = YES;
				CLANG_ANALYZER_NUMBER_OBJECT_CONVERSION = YES_AGGRESSIVE;
				CLANG_CXX_LANGUAGE_STANDARD = "gnu++14";
				CLANG_CXX_LIBRARY = "libc++";
				CLANG_ENABLE_MODULES = YES;
				CLANG_ENABLE_OBJC_ARC = YES;
				CLANG_ENABLE_OBJC_WEAK = YES;
				CLANG_WARN_BLOCK_CAPTURE_AUTORELEASING = YES;
				CLANG_WARN_BOOL_CONVERSION = YES;
				CLANG_WARN_COMMA = YES;
				CLANG_WARN_CONSTANT_CONVERSION = YES;
				CLANG_WARN_DEPRECATED_OBJC_IMPLEMENTATIONS = YES;
				CLANG_WARN_DIRECT_OBJC_ISA_USAGE = YES_ERROR;
				CLANG_WARN_DOCUMENTATION_COMMENTS = YES;
				CLANG_WARN_EMPTY_BODY = YES;
				CLANG_WARN_ENUM_CONVERSION = YES;
				CLANG_WARN_INFINITE_RECURSION = YES;
				CLANG_WARN_INT_CONVERSION = YES;
				CLANG_WARN_NON_LITERAL_NULL_CONVERSION = YES;
				CLANG_WARN_OBJC_IMPLICIT_RETAIN_SELF = YES;
				CLANG_WARN_OBJC_LITERAL_CONVERSION = YES;
				CLANG_WARN_OBJC_ROOT_CLASS = YES_ERROR;
				CLANG_WARN_RANGE_LOOP_ANALYSIS = YES;
				CLANG_WARN_STRICT_PROTOTYPES = YES;
				CLANG_WARN_SUSPICIOUS_MOVE = YES;
				CLANG_WARN_UNGUARDED_AVAILABILITY = YES_AGGRESSIVE;
				CLANG_WARN_UNREACHABLE_CODE = YES;
				CLANG_WARN__DUPLICATE_METHOD_MATCH = YES;
				CODE_SIGN_IDENTITY = "Mac Developer";
				COPY_PHASE_STRIP = NO;
				DEBUG_INFORMATION_FORMAT = "dwarf-with-dsym";
				ENABLE_NS_ASSERTIONS = NO;
				ENABLE_STRICT_OBJC_MSGSEND = YES;
				GCC_C_LANGUAGE_STANDARD = gnu11;
				GCC_NO_COMMON_BLOCKS = YES;
				GCC_WARN_64_TO_32_BIT_CONVERSION = YES;
				GCC_WARN_ABOUT_RETURN_TYPE = YES_ERROR;
				GCC_WARN_UNDECLARED_SELECTOR = YES;
				GCC_WARN_UNINITIALIZED_AUTOS = YES_AGGRESSIVE;
				GCC_WARN_UNUSED_FUNCTION = YES;
				GCC_WARN_UNUSED_VARIABLE = YES;
				MACOSX_DEPLOYMENT_TARGET = 10.14;
				MTL_ENABLE_DEBUG_INFO = NO;
				MTL_FAST_MATH = YES;
				SDKROOT = macosx;
				SWIFT_COMPILATION_MODE = wholemodule;
				SWIFT_OPTIMIZATION_LEVEL = "-O";
			};
			name = Release;
		};
		A1C7955320F1A4DF0042FA2C /* Debug */ = {
			isa = XCBuildConfiguration;
			buildSettings = {
				ARCHS = "$(ARCHS_STANDARD)";
				ASSETCATALOG_COMPILER_APPICON_NAME = AppIcon;
				CODE_SIGN_STYLE = Automatic;
				COMBINE_HIDPI_IMAGES = YES;
				DEVELOPMENT_TEAM = YXMBRE8YP8;
				INFOPLIST_FILE = iTunesControls/Info.plist;
				LD_RUNPATH_SEARCH_PATHS = (
					"$(inherited)",
					"@executable_path/../Frameworks",
				);
				PRODUCT_BUNDLE_IDENTIFIER = www.nbs.itunescontrols.iTunesControls;
				PRODUCT_NAME = "$(TARGET_NAME)";
				SWIFT_VERSION = 4.2;
			};
			name = Debug;
		};
		A1C7955420F1A4DF0042FA2C /* Release */ = {
			isa = XCBuildConfiguration;
			buildSettings = {
				ARCHS = "$(ARCHS_STANDARD)";
				ASSETCATALOG_COMPILER_APPICON_NAME = AppIcon;
				CODE_SIGN_STYLE = Automatic;
				COMBINE_HIDPI_IMAGES = YES;
				DEVELOPMENT_TEAM = YXMBRE8YP8;
				INFOPLIST_FILE = iTunesControls/Info.plist;
				LD_RUNPATH_SEARCH_PATHS = (
					"$(inherited)",
					"@executable_path/../Frameworks",
				);
				PRODUCT_BUNDLE_IDENTIFIER = www.nbs.itunescontrols.iTunesControls;
				PRODUCT_NAME = "$(TARGET_NAME)";
				SWIFT_VERSION = 4.2;
			};
			name = Release;
		};
/* End XCBuildConfiguration section */

/* Begin XCConfigurationList section */
		A1C7953F20F1A4DF0042FA2C /* Build configuration list for PBXProject "iTunesControls" */ = {
			isa = XCConfigurationList;
			buildConfigurations = (
				A1C7955020F1A4DF0042FA2C /* Debug */,
				A1C7955120F1A4DF0042FA2C /* Release */,
			);
			defaultConfigurationIsVisible = 0;
			defaultConfigurationName = Release;
		};
		A1C7955220F1A4DF0042FA2C /* Build configuration list for PBXNativeTarget "iTunesControls" */ = {
			isa = XCConfigurationList;
			buildConfigurations = (
				A1C7955320F1A4DF0042FA2C /* Debug */,
				A1C7955420F1A4DF0042FA2C /* Release */,
			);
			defaultConfigurationIsVisible = 0;
			defaultConfigurationName = Release;
		};
/* End XCConfigurationList section */
	};
	rootObject = A1C7953C20F1A4DF0042FA2C /* Project object */;
}
